
Microsoft Visual Studio Solution File, Format Version 12.00
# Visual Studio Version 17
VisualStudioVersion = 17.3.32811.315
MinimumVisualStudioVersion = 10.0.40219.1
Project("{FAE04EC0-301F-11D3-BF4B-00C04F79EFBC}") = "DelegateExample1", "DelegateExample1\DelegateExample1.csproj", "{C506AB46-17A1-49E5-9F2A-8CFEFD604DA8}"
EndProject
Global
	GlobalSection(SolutionConfigurationPlatforms) = preSolution
		Debug|Any CPU = Debug|Any CPU
		Release|Any CPU = Release|Any CPU
	EndGlobalSection
	GlobalSection(ProjectConfigurationPlatforms) = postSolution
		{C506AB46-17A1-49E5-9F2A-8CFEFD604DA8}.Debug|Any CPU.ActiveCfg = Debug|Any CPU
		{C506AB46-17A1-49E5-9F2A-8CFEFD604DA8}.Debug|Any CPU.Build.0 = Debug|Any CPU
		{C506AB46-17A1-49E5-9F2A-8CFEFD604DA8}.Release|Any CPU.ActiveCfg = Release|Any CPU
		{C506AB46-17A1-49E5-9F2A-8CFEFD604DA8}.Release|Any CPU.Build.0 = Release|Any CPU
	EndGlobalSection
	GlobalSection(SolutionProperties) = preSolution
		HideSolutionNode = FALSE
	EndGlobalSection
	GlobalSection(ExtensibilityGlobals) = postSolution
		SolutionGuid = {EDFCF8CF-EB77-4D49-883B-9A7244AB5779}
	EndGlobalSection
EndGlobal
