
Microsoft Visual Studio Solution File, Format Version 12.00
# Visual Studio Version 17
VisualStudioVersion = 17.3.32811.315
MinimumVisualStudioVersion = 10.0.40219.1
Project("{FAE04EC0-301F-11D3-BF4B-00C04F79EFBC}") = "OutExercise", "OutExercise\OutExercise.csproj", "{0FF9FB7F-2827-4D33-9316-B8B4BFECAB82}"
EndProject
Global
	GlobalSection(SolutionConfigurationPlatforms) = preSolution
		Debug|Any CPU = Debug|Any CPU
		Release|Any CPU = Release|Any CPU
	EndGlobalSection
	GlobalSection(ProjectConfigurationPlatforms) = postSolution
		{0FF9FB7F-2827-4D33-9316-B8B4BFECAB82}.Debug|Any CPU.ActiveCfg = Debug|Any CPU
		{0FF9FB7F-2827-4D33-9316-B8B4BFECAB82}.Debug|Any CPU.Build.0 = Debug|Any CPU
		{0FF9FB7F-2827-4D33-9316-B8B4BFECAB82}.Release|Any CPU.ActiveCfg = Release|Any CPU
		{0FF9FB7F-2827-4D33-9316-B8B4BFECAB82}.Release|Any CPU.Build.0 = Release|Any CPU
	EndGlobalSection
	GlobalSection(SolutionProperties) = preSolution
		HideSolutionNode = FALSE
	EndGlobalSection
	GlobalSection(ExtensibilityGlobals) = postSolution
		SolutionGuid = {FC1A935D-392E-4676-9F33-4CE90CAA5F57}
	EndGlobalSection
EndGlobal
