
Microsoft Visual Studio Solution File, Format Version 12.00
# Visual Studio Version 17
VisualStudioVersion = 17.3.32811.315
MinimumVisualStudioVersion = 10.0.40219.1
Project("{FAE04EC0-301F-11D3-BF4B-00C04F79EFBC}") = "Printer", "Printer\Printer.csproj", "{487CB932-03CE-47C8-ACE3-92A33388DAA5}"
EndProject
Global
	GlobalSection(SolutionConfigurationPlatforms) = preSolution
		Debug|Any CPU = Debug|Any CPU
		Release|Any CPU = Release|Any CPU
	EndGlobalSection
	GlobalSection(ProjectConfigurationPlatforms) = postSolution
		{487CB932-03CE-47C8-ACE3-92A33388DAA5}.Debug|Any CPU.ActiveCfg = Debug|Any CPU
		{487CB932-03CE-47C8-ACE3-92A33388DAA5}.Debug|Any CPU.Build.0 = Debug|Any CPU
		{487CB932-03CE-47C8-ACE3-92A33388DAA5}.Release|Any CPU.ActiveCfg = Release|Any CPU
		{487CB932-03CE-47C8-ACE3-92A33388DAA5}.Release|Any CPU.Build.0 = Release|Any CPU
	EndGlobalSection
	GlobalSection(SolutionProperties) = preSolution
		HideSolutionNode = FALSE
	EndGlobalSection
	GlobalSection(ExtensibilityGlobals) = postSolution
		SolutionGuid = {A55A9CA1-DAA7-4E9A-B359-001026A602ED}
	EndGlobalSection
EndGlobal
