
Microsoft Visual Studio Solution File, Format Version 12.00
# Visual Studio Version 17
VisualStudioVersion = 17.3.32811.315
MinimumVisualStudioVersion = 10.0.40219.1
Project("{FAE04EC0-301F-11D3-BF4B-00C04F79EFBC}") = "FileStreamExample", "..\FileStreamExample\FileStreamExample.csproj", "{D3F0040D-069D-47B1-80FE-E99E0AD39C21}"
EndProject
Project("{FAE04EC0-301F-11D3-BF4B-00C04F79EFBC}") = "FileStreamExampleWrite", "..\FileStreamExampleWrite\FileStreamExampleWrite.csproj", "{9EC69062-2941-40B6-B56C-E693EB27B481}"
EndProject
Project("{FAE04EC0-301F-11D3-BF4B-00C04F79EFBC}") = "FileStreamCopy", "..\FileStreamCopy\FileStreamCopy.csproj", "{97151AEF-81AC-4DCA-BA23-2E5AF52906EF}"
EndProject
Global
	GlobalSection(SolutionConfigurationPlatforms) = preSolution
		Debug|Any CPU = Debug|Any CPU
		Release|Any CPU = Release|Any CPU
	EndGlobalSection
	GlobalSection(ProjectConfigurationPlatforms) = postSolution
		{D3F0040D-069D-47B1-80FE-E99E0AD39C21}.Debug|Any CPU.ActiveCfg = Debug|Any CPU
		{D3F0040D-069D-47B1-80FE-E99E0AD39C21}.Debug|Any CPU.Build.0 = Debug|Any CPU
		{D3F0040D-069D-47B1-80FE-E99E0AD39C21}.Release|Any CPU.ActiveCfg = Release|Any CPU
		{D3F0040D-069D-47B1-80FE-E99E0AD39C21}.Release|Any CPU.Build.0 = Release|Any CPU
		{9EC69062-2941-40B6-B56C-E693EB27B481}.Debug|Any CPU.ActiveCfg = Debug|Any CPU
		{9EC69062-2941-40B6-B56C-E693EB27B481}.Debug|Any CPU.Build.0 = Debug|Any CPU
		{9EC69062-2941-40B6-B56C-E693EB27B481}.Release|Any CPU.ActiveCfg = Release|Any CPU
		{9EC69062-2941-40B6-B56C-E693EB27B481}.Release|Any CPU.Build.0 = Release|Any CPU
		{97151AEF-81AC-4DCA-BA23-2E5AF52906EF}.Debug|Any CPU.ActiveCfg = Debug|Any CPU
		{97151AEF-81AC-4DCA-BA23-2E5AF52906EF}.Debug|Any CPU.Build.0 = Debug|Any CPU
		{97151AEF-81AC-4DCA-BA23-2E5AF52906EF}.Release|Any CPU.ActiveCfg = Release|Any CPU
		{97151AEF-81AC-4DCA-BA23-2E5AF52906EF}.Release|Any CPU.Build.0 = Release|Any CPU
	EndGlobalSection
	GlobalSection(SolutionProperties) = preSolution
		HideSolutionNode = FALSE
	EndGlobalSection
	GlobalSection(ExtensibilityGlobals) = postSolution
		SolutionGuid = {DD865DE0-7809-4550-B6F7-832028257252}
	EndGlobalSection
EndGlobal
