
Microsoft Visual Studio Solution File, Format Version 12.00
# Visual Studio Version 17
VisualStudioVersion = 17.3.32811.315
MinimumVisualStudioVersion = 10.0.40219.1
Project("{FAE04EC0-301F-11D3-BF4B-00C04F79EFBC}") = "PolymorphismExample", "PolymorphismExample\PolymorphismExample.csproj", "{D961D510-A69A-4638-9951-CA34B687B6E9}"
EndProject
Project("{FAE04EC0-301F-11D3-BF4B-00C04F79EFBC}") = "PolymorphismExercise", "..\PolymorphismExercise\PolymorphismExercise.csproj", "{4FFAAD67-215B-436A-B174-3A6A7193DAD4}"
EndProject
Project("{FAE04EC0-301F-11D3-BF4B-00C04F79EFBC}") = "AbstractExample", "..\AbstractExample\AbstractExample.csproj", "{E7899BC0-13F5-4DFF-8654-871D4299B114}"
EndProject
Project("{FAE04EC0-301F-11D3-BF4B-00C04F79EFBC}") = "AbstractExercise", "..\AbstractExercise\AbstractExercise.csproj", "{859297B0-D8E9-45A6-A5DC-0CDAAC4F7524}"
EndProject
Global
	GlobalSection(SolutionConfigurationPlatforms) = preSolution
		Debug|Any CPU = Debug|Any CPU
		Release|Any CPU = Release|Any CPU
	EndGlobalSection
	GlobalSection(ProjectConfigurationPlatforms) = postSolution
		{D961D510-A69A-4638-9951-CA34B687B6E9}.Debug|Any CPU.ActiveCfg = Debug|Any CPU
		{D961D510-A69A-4638-9951-CA34B687B6E9}.Debug|Any CPU.Build.0 = Debug|Any CPU
		{D961D510-A69A-4638-9951-CA34B687B6E9}.Release|Any CPU.ActiveCfg = Release|Any CPU
		{D961D510-A69A-4638-9951-CA34B687B6E9}.Release|Any CPU.Build.0 = Release|Any CPU
		{4FFAAD67-215B-436A-B174-3A6A7193DAD4}.Debug|Any CPU.ActiveCfg = Debug|Any CPU
		{4FFAAD67-215B-436A-B174-3A6A7193DAD4}.Debug|Any CPU.Build.0 = Debug|Any CPU
		{4FFAAD67-215B-436A-B174-3A6A7193DAD4}.Release|Any CPU.ActiveCfg = Release|Any CPU
		{4FFAAD67-215B-436A-B174-3A6A7193DAD4}.Release|Any CPU.Build.0 = Release|Any CPU
		{E7899BC0-13F5-4DFF-8654-871D4299B114}.Debug|Any CPU.ActiveCfg = Debug|Any CPU
		{E7899BC0-13F5-4DFF-8654-871D4299B114}.Debug|Any CPU.Build.0 = Debug|Any CPU
		{E7899BC0-13F5-4DFF-8654-871D4299B114}.Release|Any CPU.ActiveCfg = Release|Any CPU
		{E7899BC0-13F5-4DFF-8654-871D4299B114}.Release|Any CPU.Build.0 = Release|Any CPU
		{859297B0-D8E9-45A6-A5DC-0CDAAC4F7524}.Debug|Any CPU.ActiveCfg = Debug|Any CPU
		{859297B0-D8E9-45A6-A5DC-0CDAAC4F7524}.Debug|Any CPU.Build.0 = Debug|Any CPU
		{859297B0-D8E9-45A6-A5DC-0CDAAC4F7524}.Release|Any CPU.ActiveCfg = Release|Any CPU
		{859297B0-D8E9-45A6-A5DC-0CDAAC4F7524}.Release|Any CPU.Build.0 = Release|Any CPU
	EndGlobalSection
	GlobalSection(SolutionProperties) = preSolution
		HideSolutionNode = FALSE
	EndGlobalSection
	GlobalSection(ExtensibilityGlobals) = postSolution
		SolutionGuid = {F2942BF4-3BF4-41D1-9049-8C730EE49440}
	EndGlobalSection
EndGlobal
